// !$*UTF8*$!
{
	archiveVersion = 1;
	classes = {
	};
	objectVersion = 46;
	objects = {

/* Begin PBXBuildFile section */
		766486781AA4156100F03E09 /* AppDelegate.swift in Sources */ = {isa = PBXBuildFile; fileRef = 766486771AA4156100F03E09 /* AppDelegate.swift */; };
		7664867B1AA4156100F03E09 /* iOS_sports_store.xcdatamodeld in Sources */ = {isa = PBXBuildFile; fileRef = 766486791AA4156100F03E09 /* iOS_sports_store.xcdatamodeld */; };
		7664867D1AA4156100F03E09 /* ViewController.swift in Sources */ = {isa = PBXBuildFile; fileRef = 7664867C1AA4156100F03E09 /* ViewController.swift */; };
		766486801AA4156100F03E09 /* Main.storyboard in Resources */ = {isa = PBXBuildFile; fileRef = 7664867E1AA4156100F03E09 /* Main.storyboard */; };
		766486821AA4156100F03E09 /* Images.xcassets in Resources */ = {isa = PBXBuildFile; fileRef = 766486811AA4156100F03E09 /* Images.xcassets */; };
		766486851AA4156100F03E09 /* LaunchScreen.xib in Resources */ = {isa = PBXBuildFile; fileRef = 766486831AA4156100F03E09 /* LaunchScreen.xib */; };
		766486911AA4156100F03E09 /* iOS_sports_storeTests.swift in Sources */ = {isa = PBXBuildFile; fileRef = 766486901AA4156100F03E09 /* iOS_sports_storeTests.swift */; };
/* End PBXBuildFile section */

/* Begin PBXContainerItemProxy section */
		7664868B1AA4156100F03E09 /* PBXContainerItemProxy */ = {
			isa = PBXContainerItemProxy;
			containerPortal = 7664866A1AA4156100F03E09 /* Project object */;
			proxyType = 1;
			remoteGlobalIDString = 766486711AA4156100F03E09;
			remoteInfo = iOS_sports_store;
		};
/* End PBXContainerItemProxy section */

/* Begin PBXFileReference section */
		766486721AA4156100F03E09 /* iOS_sports_store.app */ = {isa = PBXFileReference; explicitFileType = wrapper.application; includeInIndex = 0; path = iOS_sports_store.app; sourceTree = BUILT_PRODUCTS_DIR; };
		766486761AA4156100F03E09 /* Info.plist */ = {isa = PBXFileReference; lastKnownFileType = text.plist.xml; path = Info.plist; sourceTree = "<group>"; };
		766486771AA4156100F03E09 /* AppDelegate.swift */ = {isa = PBXFileReference; lastKnownFileType = sourcecode.swift; path = AppDelegate.swift; sourceTree = "<group>"; };
		7664867A1AA4156100F03E09 /* iOS_sports_store.xcdatamodel */ = {isa = PBXFileReference; lastKnownFileType = wrapper.xcdatamodel; path = iOS_sports_store.xcdatamodel; sourceTree = "<group>"; };
		7664867C1AA4156100F03E09 /* ViewController.swift */ = {isa = PBXFileReference; lastKnownFileType = sourcecode.swift; path = ViewController.swift; sourceTree = "<group>"; };
		7664867F1AA4156100F03E09 /* Base */ = {isa = PBXFileReference; lastKnownFileType = file.storyboard; name = Base; path = Base.lproj/Main.storyboard; sourceTree = "<group>"; };
		766486811AA4156100F03E09 /* Images.xcassets */ = {isa = PBXFileReference; lastKnownFileType = folder.assetcatalog; path = Images.xcassets; sourceTree = "<group>"; };
		766486841AA4156100F03E09 /* Base */ = {isa = PBXFileReference; lastKnownFileType = file.xib; name = Base; path = Base.lproj/LaunchScreen.xib; sourceTree = "<group>"; };
		7664868A1AA4156100F03E09 /* iOS_sports_storeTests.xctest */ = {isa = PBXFileReference; explicitFileType = wrapper.cfbundle; includeInIndex = 0; path = iOS_sports_storeTests.xctest; sourceTree = BUILT_PRODUCTS_DIR; };
		7664868F1AA4156100F03E09 /* Info.plist */ = {isa = PBXFileReference; lastKnownFileType = text.plist.xml; path = Info.plist; sourceTree = "<group>"; };
		766486901AA4156100F03E09 /* iOS_sports_storeTests.swift */ = {isa = PBXFileReference; lastKnownFileType = sourcecode.swift; path = iOS_sports_storeTests.swift; sourceTree = "<group>"; };
/* End PBXFileReference section */

/* Begin PBXFrameworksBuildPhase section */
		7664866F1AA4156100F03E09 /* Frameworks */ = {
			isa = PBXFrameworksBuildPhase;
			buildActionMask = 2147483647;
			files = (
			);
			runOnlyForDeploymentPostprocessing = 0;
		};
		766486871AA4156100F03E09 /* Frameworks */ = {
			isa = PBXFrameworksBuildPhase;
			buildActionMask = 2147483647;
			files = (
			);
			runOnlyForDeploymentPostprocessing = 0;
		};
/* End PBXFrameworksBuildPhase section */

/* Begin PBXGroup section */
		766486691AA4156100F03E09 = {
			isa = PBXGroup;
			children = (
				766486741AA4156100F03E09 /* iOS_sports_store */,
				7664868D1AA4156100F03E09 /* iOS_sports_storeTests */,
				766486731AA4156100F03E09 /* Products */,
			);
			sourceTree = "<group>";
		};
		766486731AA4156100F03E09 /* Products */ = {
			isa = PBXGroup;
			children = (
				766486721AA4156100F03E09 /* iOS_sports_store.app */,
				7664868A1AA4156100F03E09 /* iOS_sports_storeTests.xctest */,
			);
			name = Products;
			sourceTree = "<group>";
		};
		766486741AA4156100F03E09 /* iOS_sports_store */ = {
			isa = PBXGroup;
			children = (
				766486771AA4156100F03E09 /* AppDelegate.swift */,
				7664867C1AA4156100F03E09 /* ViewController.swift */,
				7664867E1AA4156100F03E09 /* Main.storyboard */,
				766486811AA4156100F03E09 /* Images.xcassets */,
				766486831AA4156100F03E09 /* LaunchScreen.xib */,
				766486791AA4156100F03E09 /* iOS_sports_store.xcdatamodeld */,
				766486751AA4156100F03E09 /* Supporting Files */,
			);
			path = iOS_sports_store;
			sourceTree = "<group>";
		};
		766486751AA4156100F03E09 /* Supporting Files */ = {
			isa = PBXGroup;
			children = (
				766486761AA4156100F03E09 /* Info.plist */,
			);
			name = "Supporting Files";
			sourceTree = "<group>";
		};
		7664868D1AA4156100F03E09 /* iOS_sports_storeTests */ = {
			isa = PBXGroup;
			children = (
				766486901AA4156100F03E09 /* iOS_sports_storeTests.swift */,
				7664868E1AA4156100F03E09 /* Supporting Files */,
			);
			path = iOS_sports_storeTests;
			sourceTree = "<group>";
		};
		7664868E1AA4156100F03E09 /* Supporting Files */ = {
			isa = PBXGroup;
			children = (
				7664868F1AA4156100F03E09 /* Info.plist */,
			);
			name = "Supporting Files";
			sourceTree = "<group>";
		};
/* End PBXGroup section */

/* Begin PBXNativeTarget section */
		766486711AA4156100F03E09 /* iOS_sports_store */ = {
			isa = PBXNativeTarget;
			buildConfigurationList = 766486941AA4156100F03E09 /* Build configuration list for PBXNativeTarget "iOS_sports_store" */;
			buildPhases = (
				7664866E1AA4156100F03E09 /* Sources */,
				7664866F1AA4156100F03E09 /* Frameworks */,
				766486701AA4156100F03E09 /* Resources */,
			);
			buildRules = (
			);
			dependencies = (
			);
			name = iOS_sports_store;
			productName = iOS_sports_store;
			productReference = 766486721AA4156100F03E09 /* iOS_sports_store.app */;
			productType = "com.apple.product-type.application";
		};
		766486891AA4156100F03E09 /* iOS_sports_storeTests */ = {
			isa = PBXNativeTarget;
			buildConfigurationList = 766486971AA4156100F03E09 /* Build configuration list for PBXNativeTarget "iOS_sports_storeTests" */;
			buildPhases = (
				766486861AA4156100F03E09 /* Sources */,
				766486871AA4156100F03E09 /* Frameworks */,
				766486881AA4156100F03E09 /* Resources */,
			);
			buildRules = (
			);
			dependencies = (
				7664868C1AA4156100F03E09 /* PBXTargetDependency */,
			);
			name = iOS_sports_storeTests;
			productName = iOS_sports_storeTests;
			productReference = 7664868A1AA4156100F03E09 /* iOS_sports_storeTests.xctest */;
			productType = "com.apple.product-type.bundle.unit-test";
		};
/* End PBXNativeTarget section */

/* Begin PBXProject section */
		7664866A1AA4156100F03E09 /* Project object */ = {
			isa = PBXProject;
			attributes = {
				LastUpgradeCheck = 0610;
				ORGANIZATIONNAME = icelancer;
				TargetAttributes = {
					766486711AA4156100F03E09 = {
						CreatedOnToolsVersion = 6.1.1;
					};
					766486891AA4156100F03E09 = {
						CreatedOnToolsVersion = 6.1.1;
						TestTargetID = 766486711AA4156100F03E09;
					};
				};
			};
			buildConfigurationList = 7664866D1AA4156100F03E09 /* Build configuration list for PBXProject "iOS_sports_store" */;
			compatibilityVersion = "Xcode 3.2";
			developmentRegion = English;
			hasScannedForEncodings = 0;
			knownRegions = (
				en,
				Base,
			);
			mainGroup = 766486691AA4156100F03E09;
			productRefGroup = 766486731AA4156100F03E09 /* Products */;
			projectDirPath = "";
			projectRoot = "";
			targets = (
				766486711AA4156100F03E09 /* iOS_sports_store */,
				766486891AA4156100F03E09 /* iOS_sports_storeTests */,
			);
		};
/* End PBXProject section */

/* Begin PBXResourcesBuildPhase section */
		766486701AA4156100F03E09 /* Resources */ = {
			isa = PBXResourcesBuildPhase;
			buildActionMask = 2147483647;
			files = (
				766486801AA4156100F03E09 /* Main.storyboard in Resources */,
				766486851AA4156100F03E09 /* LaunchScreen.xib in Resources */,
				766486821AA4156100F03E09 /* Images.xcassets in Resources */,
			);
			runOnlyForDeploymentPostprocessing = 0;
		};
		766486881AA4156100F03E09 /* Resources */ = {
			isa = PBXResourcesBuildPhase;
			buildActionMask = 2147483647;
			files = (
			);
			runOnlyForDeploymentPostprocessing = 0;
		};
/* End PBXResourcesBuildPhase section */

/* Begin PBXSourcesBuildPhase section */
		7664866E1AA4156100F03E09 /* Sources */ = {
			isa = PBXSourcesBuildPhase;
			buildActionMask = 2147483647;
			files = (
				7664867D1AA4156100F03E09 /* ViewController.swift in Sources */,
				7664867B1AA4156100F03E09 /* iOS_sports_store.xcdatamodeld in Sources */,
				766486781AA4156100F03E09 /* AppDelegate.swift in Sources */,
			);
			runOnlyForDeploymentPostprocessing = 0;
		};
		766486861AA4156100F03E09 /* Sources */ = {
			isa = PBXSourcesBuildPhase;
			buildActionMask = 2147483647;
			files = (
				766486911AA4156100F03E09 /* iOS_sports_storeTests.swift in Sources */,
			);
			runOnlyForDeploymentPostprocessing = 0;
		};
/* End PBXSourcesBuildPhase section */

/* Begin PBXTargetDependency section */
		7664868C1AA4156100F03E09 /* PBXTargetDependency */ = {
			isa = PBXTargetDependency;
			target = 766486711AA4156100F03E09 /* iOS_sports_store */;
			targetProxy = 7664868B1AA4156100F03E09 /* PBXContainerItemProxy */;
		};
/* End PBXTargetDependency section */

/* Begin PBXVariantGroup section */
		7664867E1AA4156100F03E09 /* Main.storyboard */ = {
			isa = PBXVariantGroup;
			children = (
				7664867F1AA4156100F03E09 /* Base */,
			);
			name = Main.storyboard;
			sourceTree = "<group>";
		};
		766486831AA4156100F03E09 /* LaunchScreen.xib */ = {
			isa = PBXVariantGroup;
			children = (
				766486841AA4156100F03E09 /* Base */,
			);
			name = LaunchScreen.xib;
			sourceTree = "<group>";
		};
/* End PBXVariantGroup section */

/* Begin XCBuildConfiguration section */
		766486921AA4156100F03E09 /* Debug */ = {
			isa = XCBuildConfiguration;
			buildSettings = {
				ALWAYS_SEARCH_USER_PATHS = NO;
				CLANG_CXX_LANGUAGE_STANDARD = "gnu++0x";
				CLANG_CXX_LIBRARY = "libc++";
				CLANG_ENABLE_MODULES = YES;
				CLANG_ENABLE_OBJC_ARC = YES;
				CLANG_WARN_BOOL_CONVERSION = YES;
				CLANG_WARN_CONSTANT_CONVERSION = YES;
				CLANG_WARN_DIRECT_OBJC_ISA_USAGE = YES_ERROR;
				CLANG_WARN_EMPTY_BODY = YES;
				CLANG_WARN_ENUM_CONVERSION = YES;
				CLANG_WARN_INT_CONVERSION = YES;
				CLANG_WARN_OBJC_ROOT_CLASS = YES_ERROR;
				CLANG_WARN_UNREACHABLE_CODE = YES;
				CLANG_WARN__DUPLICATE_METHOD_MATCH = YES;
				"CODE_SIGN_IDENTITY[sdk=iphoneos*]" = "iPhone Developer";
				COPY_PHASE_STRIP = NO;
				ENABLE_STRICT_OBJC_MSGSEND = YES;
				GCC_C_LANGUAGE_STANDARD = gnu99;
				GCC_DYNAMIC_NO_PIC = NO;
				GCC_OPTIMIZATION_LEVEL = 0;
				GCC_PREPROCESSOR_DEFINITIONS = (
					"DEBUG=1",
					"$(inherited)",
				);
				GCC_SYMBOLS_PRIVATE_EXTERN = NO;
				GCC_WARN_64_TO_32_BIT_CONVERSION = YES;
				GCC_WARN_ABOUT_RETURN_TYPE = YES_ERROR;
				GCC_WARN_UNDECLARED_SELECTOR = YES;
				GCC_WARN_UNINITIALIZED_AUTOS = YES_AGGRESSIVE;
				GCC_WARN_UNUSED_FUNCTION = YES;
				GCC_WARN_UNUSED_VARIABLE = YES;
				IPHONEOS_DEPLOYMENT_TARGET = 8.1;
				MTL_ENABLE_DEBUG_INFO = YES;
				ONLY_ACTIVE_ARCH = YES;
				SDKROOT = iphoneos;
				SWIFT_OPTIMIZATION_LEVEL = "-Onone";
			};
			name = Debug;
		};
		766486931AA4156100F03E09 /* Release */ = {
			isa = XCBuildConfiguration;
			buildSettings = {
				ALWAYS_SEARCH_USER_PATHS = NO;
				CLANG_CXX_LANGUAGE_STANDARD = "gnu++0x";
				CLANG_CXX_LIBRARY = "libc++";
				CLANG_ENABLE_MODULES = YES;
				CLANG_ENABLE_OBJC_ARC = YES;
				CLANG_WARN_BOOL_CONVERSION = YES;
				CLANG_WARN_CONSTANT_CONVERSION = YES;
				CLANG_WARN_DIRECT_OBJC_ISA_USAGE = YES_ERROR;
				CLANG_WARN_EMPTY_BODY = YES;
				CLANG_WARN_ENUM_CONVERSION = YES;
				CLANG_WARN_INT_CONVERSION = YES;
				CLANG_WARN_OBJC_ROOT_CLASS = YES_ERROR;
				CLANG_WARN_UNREACHABLE_CODE = YES;
				CLANG_WARN__DUPLICATE_METHOD_MATCH = YES;
				"CODE_SIGN_IDENTITY[sdk=iphoneos*]" = "iPhone Developer";
				COPY_PHASE_STRIP = YES;
				ENABLE_NS_ASSERTIONS = NO;
				ENABLE_STRICT_OBJC_MSGSEND = YES;
				GCC_C_LANGUAGE_STANDARD = gnu99;
				GCC_WARN_64_TO_32_BIT_CONVERSION = YES;
				GCC_WARN_ABOUT_RETURN_TYPE = YES_ERROR;
				GCC_WARN_UNDECLARED_SELECTOR = YES;
				GCC_WARN_UNINITIALIZED_AUTOS = YES_AGGRESSIVE;
				GCC_WARN_UNUSED_FUNCTION = YES;
				GCC_WARN_UNUSED_VARIABLE = YES;
				IPHONEOS_DEPLOYMENT_TARGET = 8.1;
				MTL_ENABLE_DEBUG_INFO = NO;
				SDKROOT = iphoneos;
				VALIDATE_PRODUCT = YES;
			};
			name = Release;
		};
		766486951AA4156100F03E09 /* Debug */ = {
			isa = XCBuildConfiguration;
			buildSettings = {
				ASSETCATALOG_COMPILER_APPICON_NAME = AppIcon;
				INFOPLIST_FILE = iOS_sports_store/Info.plist;
				LD_RUNPATH_SEARCH_PATHS = "$(inherited) @executable_path/Frameworks";
				PRODUCT_NAME = "$(TARGET_NAME)";
			};
			name = Debug;
		};
		766486961AA4156100F03E09 /* Release */ = {
			isa = XCBuildConfiguration;
			buildSettings = {
				ASSETCATALOG_COMPILER_APPICON_NAME = AppIcon;
				INFOPLIST_FILE = iOS_sports_store/Info.plist;
				LD_RUNPATH_SEARCH_PATHS = "$(inherited) @executable_path/Frameworks";
				PRODUCT_NAME = "$(TARGET_NAME)";
			};
			name = Release;
		};
		766486981AA4156100F03E09 /* Debug */ = {
			isa = XCBuildConfiguration;
			buildSettings = {
				BUNDLE_LOADER = "$(TEST_HOST)";
				FRAMEWORK_SEARCH_PATHS = (
					"$(SDKROOT)/Developer/Library/Frameworks",
					"$(inherited)",
				);
				GCC_PREPROCESSOR_DEFINITIONS = (
					"DEBUG=1",
					"$(inherited)",
				);
				INFOPLIST_FILE = iOS_sports_storeTests/Info.plist;
				LD_RUNPATH_SEARCH_PATHS = "$(inherited) @executable_path/Frameworks @loader_path/Frameworks";
				PRODUCT_NAME = "$(TARGET_NAME)";
				TEST_HOST = "$(BUILT_PRODUCTS_DIR)/iOS_sports_store.app/iOS_sports_store";
			};
			name = Debug;
		};
		766486991AA4156100F03E09 /* Release */ = {
			isa = XCBuildConfiguration;
			buildSettings = {
				BUNDLE_LOADER = "$(TEST_HOST)";
				FRAMEWORK_SEARCH_PATHS = (
					"$(SDKROOT)/Developer/Library/Frameworks",
					"$(inherited)",
				);
				INFOPLIST_FILE = iOS_sports_storeTests/Info.plist;
				LD_RUNPATH_SEARCH_PATHS = "$(inherited) @executable_path/Frameworks @loader_path/Frameworks";
				PRODUCT_NAME = "$(TARGET_NAME)";
				TEST_HOST = "$(BUILT_PRODUCTS_DIR)/iOS_sports_store.app/iOS_sports_store";
			};
			name = Release;
		};
/* End XCBuildConfiguration section */

/* Begin XCConfigurationList section */
		7664866D1AA4156100F03E09 /* Build configuration list for PBXProject "iOS_sports_store" */ = {
			isa = XCConfigurationList;
			buildConfigurations = (
				766486921AA4156100F03E09 /* Debug */,
				766486931AA4156100F03E09 /* Release */,
			);
			defaultConfigurationIsVisible = 0;
			defaultConfigurationName = Release;
		};
		766486941AA4156100F03E09 /* Build configuration list for PBXNativeTarget "iOS_sports_store" */ = {
			isa = XCConfigurationList;
			buildConfigurations = (
				766486951AA4156100F03E09 /* Debug */,
				766486961AA4156100F03E09 /* Release */,
			);
			defaultConfigurationIsVisible = 0;
		};
		766486971AA4156100F03E09 /* Build configuration list for PBXNativeTarget "iOS_sports_storeTests" */ = {
			isa = XCConfigurationList;
			buildConfigurations = (
				766486981AA4156100F03E09 /* Debug */,
				766486991AA4156100F03E09 /* Release */,
			);
			defaultConfigurationIsVisible = 0;
		};
/* End XCConfigurationList section */

/* Begin XCVersionGroup section */
		766486791AA4156100F03E09 /* iOS_sports_store.xcdatamodeld */ = {
			isa = XCVersionGroup;
			children = (
				7664867A1AA4156100F03E09 /* iOS_sports_store.xcdatamodel */,
			);
			currentVersion = 7664867A1AA4156100F03E09 /* iOS_sports_store.xcdatamodel */;
			path = iOS_sports_store.xcdatamodeld;
			sourceTree = "<group>";
			versionGroupType = wrapper.xcdatamodel;
		};
/* End XCVersionGroup section */
	};
	rootObject = 7664866A1AA4156100F03E09 /* Project object */;
}
